
Microsoft Visual Studio Solution File, Format Version 12.00
# Visual Studio Version 17
VisualStudioVersion = 17.0.31903.59
MinimumVisualStudioVersion = 10.0.40219.1
Project("{9A19103F-16F7-4668-BE54-9A1E7A4F7556}") = "OmniUser.Domain", "users\OmniUser.Domain\OmniUser.Domain.csproj", "{44103FB9-749E-4914-AF9A-954E747485DD}"
EndProject
Project("{9A19103F-16F7-4668-BE54-9A1E7A4F7556}") = "OmniUser.Application", "users\OmniUser.Application\OmniUser.Application.csproj", "{55ECC4ED-6575-4F46-8926-E4B5D7E5BD20}"
EndProject
Project("{9A19103F-16F7-4668-BE54-9A1E7A4F7556}") = "OmniUser.Infrastructure", "users\OmniUser.Infrastructure\OmniUser.Infrastructure.csproj", "{D15858FC-96CD-44F8-980D-768A2C37C55A}"
EndProject
Project("{9A19103F-16F7-4668-BE54-9A1E7A4F7556}") = "OmniUser.API", "users\OmniUser.API\OmniUser.API.csproj", "{BD0B3898-5357-4B1D-BB01-AC0BC428410E}"
EndProject
Project("{FAE04EC0-301F-11D3-BF4B-00C04F79EFBC}") = "OmniUser.UI", "users\OmniUser.UI\OmniUser.UI.csproj", "{B550D958-6DAE-418B-9C96-758BF27BA9DD}"
EndProject
Global
	GlobalSection(SolutionConfigurationPlatforms) = preSolution
		Debug|Any CPU = Debug|Any CPU
		Release|Any CPU = Release|Any CPU
	EndGlobalSection
	GlobalSection(ProjectConfigurationPlatforms) = postSolution
		{44103FB9-749E-4914-AF9A-954E747485DD}.Debug|Any CPU.ActiveCfg = Debug|Any CPU
		{44103FB9-749E-4914-AF9A-954E747485DD}.Debug|Any CPU.Build.0 = Debug|Any CPU
		{44103FB9-749E-4914-AF9A-954E747485DD}.Release|Any CPU.ActiveCfg = Release|Any CPU
		{44103FB9-749E-4914-AF9A-954E747485DD}.Release|Any CPU.Build.0 = Release|Any CPU
		{55ECC4ED-6575-4F46-8926-E4B5D7E5BD20}.Debug|Any CPU.ActiveCfg = Debug|Any CPU
		{55ECC4ED-6575-4F46-8926-E4B5D7E5BD20}.Debug|Any CPU.Build.0 = Debug|Any CPU
		{55ECC4ED-6575-4F46-8926-E4B5D7E5BD20}.Release|Any CPU.ActiveCfg = Release|Any CPU
		{55ECC4ED-6575-4F46-8926-E4B5D7E5BD20}.Release|Any CPU.Build.0 = Release|Any CPU
		{D15858FC-96CD-44F8-980D-768A2C37C55A}.Debug|Any CPU.ActiveCfg = Debug|Any CPU
		{D15858FC-96CD-44F8-980D-768A2C37C55A}.Debug|Any CPU.Build.0 = Debug|Any CPU
		{D15858FC-96CD-44F8-980D-768A2C37C55A}.Release|Any CPU.ActiveCfg = Release|Any CPU
		{D15858FC-96CD-44F8-980D-768A2C37C55A}.Release|Any CPU.Build.0 = Release|Any CPU
		{BD0B3898-5357-4B1D-BB01-AC0BC428410E}.Debug|Any CPU.ActiveCfg = Debug|Any CPU
		{BD0B3898-5357-4B1D-BB01-AC0BC428410E}.Debug|Any CPU.Build.0 = Debug|Any CPU
		{BD0B3898-5357-4B1D-BB01-AC0BC428410E}.Release|Any CPU.ActiveCfg = Release|Any CPU
		{BD0B3898-5357-4B1D-BB01-AC0BC428410E}.Release|Any CPU.Build.0 = Release|Any CPU
		{B550D958-6DAE-418B-9C96-758BF27BA9DD}.Debug|Any CPU.ActiveCfg = Debug|Any CPU
		{B550D958-6DAE-418B-9C96-758BF27BA9DD}.Debug|Any CPU.Build.0 = Debug|Any CPU
		{B550D958-6DAE-418B-9C96-758BF27BA9DD}.Release|Any CPU.ActiveCfg = Release|Any CPU
		{B550D958-6DAE-418B-9C96-758BF27BA9DD}.Release|Any CPU.Build.0 = Release|Any CPU
	EndGlobalSection
	GlobalSection(SolutionProperties) = preSolution
		HideSolutionNode = FALSE
	EndGlobalSection
	GlobalSection(ExtensibilityGlobals) = postSolution
		SolutionGuid = {64B67261-3E28-448D-AEE7-50469C23EEF3}
	EndGlobalSection
EndGlobal
